
Microsoft Visual Studio Solution File, Format Version 12.00
# Visual Studio Version 16
VisualStudioVersion = 16.0.31624.102
MinimumVisualStudioVersion = 10.0.40219.1
Project("{FAE04EC0-301F-11D3-BF4B-00C04F79EFBC}") = "RoofStock.UI", "RoofStock.UI\RoofStock.UI.csproj", "{3FB7F258-C233-4241-8AA2-6D1F93ABC8D0}"
EndProject
Project("{2150E333-8FDC-42A3-9474-1A3956D46DE8}") = "API", "API", "{CEB45CEB-CA5F-42E9-94D6-179BED7EC2A6}"
EndProject
Project("{FAE04EC0-301F-11D3-BF4B-00C04F79EFBC}") = "RoofStock.API", "RoofStock.API\RoofStock.API.csproj", "{81F9D8FC-C917-4840-A5CB-12A4BF81104A}"
EndProject
Project("{FAE04EC0-301F-11D3-BF4B-00C04F79EFBC}") = "RoofStock.Data", "RoofStock.Data\RoofStock.Data.csproj", "{348DDC2D-09EC-4627-AA49-F50C88613BEC}"
EndProject
Project("{FAE04EC0-301F-11D3-BF4B-00C04F79EFBC}") = "RoofStock.Domain", "RoofStock.Domain\RoofStock.Domain.csproj", "{4509A4BC-8715-4631-B8AE-C74679352596}"
EndProject
Global
	GlobalSection(SolutionConfigurationPlatforms) = preSolution
		Debug|Any CPU = Debug|Any CPU
		Release|Any CPU = Release|Any CPU
	EndGlobalSection
	GlobalSection(ProjectConfigurationPlatforms) = postSolution
		{3FB7F258-C233-4241-8AA2-6D1F93ABC8D0}.Debug|Any CPU.ActiveCfg = Debug|Any CPU
		{3FB7F258-C233-4241-8AA2-6D1F93ABC8D0}.Debug|Any CPU.Build.0 = Debug|Any CPU
		{3FB7F258-C233-4241-8AA2-6D1F93ABC8D0}.Release|Any CPU.ActiveCfg = Release|Any CPU
		{3FB7F258-C233-4241-8AA2-6D1F93ABC8D0}.Release|Any CPU.Build.0 = Release|Any CPU
		{81F9D8FC-C917-4840-A5CB-12A4BF81104A}.Debug|Any CPU.ActiveCfg = Debug|Any CPU
		{81F9D8FC-C917-4840-A5CB-12A4BF81104A}.Debug|Any CPU.Build.0 = Debug|Any CPU
		{81F9D8FC-C917-4840-A5CB-12A4BF81104A}.Release|Any CPU.ActiveCfg = Release|Any CPU
		{81F9D8FC-C917-4840-A5CB-12A4BF81104A}.Release|Any CPU.Build.0 = Release|Any CPU
		{348DDC2D-09EC-4627-AA49-F50C88613BEC}.Debug|Any CPU.ActiveCfg = Debug|Any CPU
		{348DDC2D-09EC-4627-AA49-F50C88613BEC}.Debug|Any CPU.Build.0 = Debug|Any CPU
		{348DDC2D-09EC-4627-AA49-F50C88613BEC}.Release|Any CPU.ActiveCfg = Release|Any CPU
		{348DDC2D-09EC-4627-AA49-F50C88613BEC}.Release|Any CPU.Build.0 = Release|Any CPU
		{4509A4BC-8715-4631-B8AE-C74679352596}.Debug|Any CPU.ActiveCfg = Debug|Any CPU
		{4509A4BC-8715-4631-B8AE-C74679352596}.Debug|Any CPU.Build.0 = Debug|Any CPU
		{4509A4BC-8715-4631-B8AE-C74679352596}.Release|Any CPU.ActiveCfg = Release|Any CPU
		{4509A4BC-8715-4631-B8AE-C74679352596}.Release|Any CPU.Build.0 = Release|Any CPU
	EndGlobalSection
	GlobalSection(SolutionProperties) = preSolution
		HideSolutionNode = FALSE
	EndGlobalSection
	GlobalSection(NestedProjects) = preSolution
		{81F9D8FC-C917-4840-A5CB-12A4BF81104A} = {CEB45CEB-CA5F-42E9-94D6-179BED7EC2A6}
		{348DDC2D-09EC-4627-AA49-F50C88613BEC} = {CEB45CEB-CA5F-42E9-94D6-179BED7EC2A6}
		{4509A4BC-8715-4631-B8AE-C74679352596} = {CEB45CEB-CA5F-42E9-94D6-179BED7EC2A6}
	EndGlobalSection
	GlobalSection(ExtensibilityGlobals) = postSolution
		SolutionGuid = {0B01BFBF-8386-486F-8501-53EDEC318790}
	EndGlobalSection
EndGlobal
